
Microsoft Visual Studio Solution File, Format Version 12.00
# Visual Studio Version 17
VisualStudioVersion = 17.14.36915.13 d17.14
MinimumVisualStudioVersion = 10.0.40219.1
Project("{FAE04EC0-301F-11D3-BF4B-00C04F79EFBC}") = "TK", "TK.csproj", "{CAB51783-48EC-4163-B85A-00769E930293}"
EndProject
Project("{FAE04EC0-301F-11D3-BF4B-00C04F79EFBC}") = "UnitConverterTests", "..\UnitConverterTests\UnitConverterTests.csproj", "{692BDC47-9AFE-4252-A192-B8660DDAC2A8}"
EndProject
Global
	GlobalSection(SolutionConfigurationPlatforms) = preSolution
		Debug|Any CPU = Debug|Any CPU
		Release|Any CPU = Release|Any CPU
	EndGlobalSection
	GlobalSection(ProjectConfigurationPlatforms) = postSolution
		{CAB51783-48EC-4163-B85A-00769E930293}.Debug|Any CPU.ActiveCfg = Debug|Any CPU
		{CAB51783-48EC-4163-B85A-00769E930293}.Debug|Any CPU.Build.0 = Debug|Any CPU
		{CAB51783-48EC-4163-B85A-00769E930293}.Release|Any CPU.ActiveCfg = Release|Any CPU
		{CAB51783-48EC-4163-B85A-00769E930293}.Release|Any CPU.Build.0 = Release|Any CPU
		{692BDC47-9AFE-4252-A192-B8660DDAC2A8}.Debug|Any CPU.ActiveCfg = Debug|Any CPU
		{692BDC47-9AFE-4252-A192-B8660DDAC2A8}.Debug|Any CPU.Build.0 = Debug|Any CPU
		{692BDC47-9AFE-4252-A192-B8660DDAC2A8}.Release|Any CPU.ActiveCfg = Release|Any CPU
		{692BDC47-9AFE-4252-A192-B8660DDAC2A8}.Release|Any CPU.Build.0 = Release|Any CPU
	EndGlobalSection
	GlobalSection(SolutionProperties) = preSolution
		HideSolutionNode = FALSE
	EndGlobalSection
	GlobalSection(ExtensibilityGlobals) = postSolution
		SolutionGuid = {3B8174A2-9DFA-4AB9-82BD-B484D72EE95F}
	EndGlobalSection
EndGlobal
